
Microsoft Visual Studio Solution File, Format Version 12.00
# Visual Studio Version 16
VisualStudioVersion = 16.0.31624.102
MinimumVisualStudioVersion = 10.0.40219.1
Project("{9A19103F-16F7-4668-BE54-9A1E7A4F7556}") = "ClienteWeb", "ClienteWeb\ClienteWeb.csproj", "{AF9FA9B9-9B94-4186-AE6D-7B234FD3C3FC}"
EndProject
Global
	GlobalSection(SolutionConfigurationPlatforms) = preSolution
		Debug|Any CPU = Debug|Any CPU
		Release|Any CPU = Release|Any CPU
	EndGlobalSection
	GlobalSection(ProjectConfigurationPlatforms) = postSolution
		{AF9FA9B9-9B94-4186-AE6D-7B234FD3C3FC}.Debug|Any CPU.ActiveCfg = Debug|Any CPU
		{AF9FA9B9-9B94-4186-AE6D-7B234FD3C3FC}.Debug|Any CPU.Build.0 = Debug|Any CPU
		{AF9FA9B9-9B94-4186-AE6D-7B234FD3C3FC}.Release|Any CPU.ActiveCfg = Release|Any CPU
		{AF9FA9B9-9B94-4186-AE6D-7B234FD3C3FC}.Release|Any CPU.Build.0 = Release|Any CPU
	EndGlobalSection
	GlobalSection(SolutionProperties) = preSolution
		HideSolutionNode = FALSE
	EndGlobalSection
	GlobalSection(ExtensibilityGlobals) = postSolution
		SolutionGuid = {EC1D2AE4-5F93-43E8-9D6D-C95FBDA3473E}
	EndGlobalSection
EndGlobal
